
Microsoft Visual Studio Solution File, Format Version 12.00
# Visual Studio Express 15 for Windows Desktop
VisualStudioVersion = 15.0.28307.779
MinimumVisualStudioVersion = 10.0.40219.1
Project("{FAE04EC0-301F-11D3-BF4B-00C04F79EFBC}") = "CHEORptAnalyzer", "CHEORptAnalyzer.csproj", "{88A3FB66-BFDF-4132-9975-3E3226E6E85C}"
EndProject
Global
	GlobalSection(SolutionConfigurationPlatforms) = preSolution
		Debug|Any CPU = Debug|Any CPU
		Debug|x86 = Debug|x86
		Release|Any CPU = Release|Any CPU
		Release|x86 = Release|x86
	EndGlobalSection
	GlobalSection(ProjectConfigurationPlatforms) = postSolution
		{88A3FB66-BFDF-4132-9975-3E3226E6E85C}.Debug|Any CPU.ActiveCfg = Debug|Any CPU
		{88A3FB66-BFDF-4132-9975-3E3226E6E85C}.Debug|Any CPU.Build.0 = Debug|Any CPU
		{88A3FB66-BFDF-4132-9975-3E3226E6E85C}.Debug|x86.ActiveCfg = Debug|Any CPU
		{88A3FB66-BFDF-4132-9975-3E3226E6E85C}.Debug|x86.Build.0 = Debug|Any CPU
		{88A3FB66-BFDF-4132-9975-3E3226E6E85C}.Release|Any CPU.ActiveCfg = Release|Any CPU
		{88A3FB66-BFDF-4132-9975-3E3226E6E85C}.Release|Any CPU.Build.0 = Release|Any CPU
		{88A3FB66-BFDF-4132-9975-3E3226E6E85C}.Release|x86.ActiveCfg = Release|Any CPU
		{88A3FB66-BFDF-4132-9975-3E3226E6E85C}.Release|x86.Build.0 = Release|Any CPU
	EndGlobalSection
	GlobalSection(SolutionProperties) = preSolution
		HideSolutionNode = FALSE
	EndGlobalSection
	GlobalSection(ExtensibilityGlobals) = postSolution
		SolutionGuid = {FF8B5AA8-CF71-4050-8EF2-98AF7E0D7DCD}
	EndGlobalSection
EndGlobal
